
Microsoft Visual Studio Solution File, Format Version 12.00
# Visual Studio 14
VisualStudioVersion = 14.0.25420.1
MinimumVisualStudioVersion = 10.0.40219.1
Project("{FAE04EC0-301F-11D3-BF4B-00C04F79EFBC}") = "PayBackTheMoney", "PayBackTheMoney\PayBackTheMoney.csproj", "{08DDEE96-7E23-4528-8425-69041A6EF3F4}"
EndProject
Project("{FAE04EC0-301F-11D3-BF4B-00C04F79EFBC}") = "DecoupledPayBackTheMoney", "DecoupledPayBackTheMoney\DecoupledPayBackTheMoney.csproj", "{20068BED-D535-47C1-A4AE-EA0B5DFECC81}"
EndProject
Global
	GlobalSection(SolutionConfigurationPlatforms) = preSolution
		Debug|Any CPU = Debug|Any CPU
		Release|Any CPU = Release|Any CPU
	EndGlobalSection
	GlobalSection(ProjectConfigurationPlatforms) = postSolution
		{08DDEE96-7E23-4528-8425-69041A6EF3F4}.Debug|Any CPU.ActiveCfg = Debug|Any CPU
		{08DDEE96-7E23-4528-8425-69041A6EF3F4}.Debug|Any CPU.Build.0 = Debug|Any CPU
		{08DDEE96-7E23-4528-8425-69041A6EF3F4}.Release|Any CPU.ActiveCfg = Release|Any CPU
		{08DDEE96-7E23-4528-8425-69041A6EF3F4}.Release|Any CPU.Build.0 = Release|Any CPU
		{20068BED-D535-47C1-A4AE-EA0B5DFECC81}.Debug|Any CPU.ActiveCfg = Debug|Any CPU
		{20068BED-D535-47C1-A4AE-EA0B5DFECC81}.Debug|Any CPU.Build.0 = Debug|Any CPU
		{20068BED-D535-47C1-A4AE-EA0B5DFECC81}.Release|Any CPU.ActiveCfg = Release|Any CPU
		{20068BED-D535-47C1-A4AE-EA0B5DFECC81}.Release|Any CPU.Build.0 = Release|Any CPU
	EndGlobalSection
	GlobalSection(SolutionProperties) = preSolution
		HideSolutionNode = FALSE
	EndGlobalSection
EndGlobal
